PODS:
  - disprzSdk (0.1.2)
  - GoogleMaps (5.1.0):
    - GoogleMaps/Maps (= 5.1.0)
  - GoogleMaps/Base (5.1.0)
  - GoogleMaps/Maps (5.1.0):
    - GoogleMaps/Base
  - lottie-ios (3.1.8)

DEPENDENCIES:
  - disprzSdk (from `../`)
  - GoogleMaps (= 5.1.0)
  - lottie-ios (from `https://github.com/airbnb/lottie-ios.git`, tag `3.1.8`)

SPEC REPOS:
  trunk:
    - GoogleMaps

EXTERNAL SOURCES:
  disprzSdk:
    :path: "../"
  lottie-ios:
    :git: https://github.com/airbnb/lottie-ios.git
    :tag: 3.1.8

CHECKOUT OPTIONS:
  lottie-ios:
    :git: https://github.com/airbnb/lottie-ios.git
    :tag: 3.1.8

SPEC CHECKSUMS:
  disprzSdk: 16279d08e0b35f6ae71969cfd611c7842ced50ca
  GoogleMaps: 086ae1dab659eaa7339bdb30fc88e2f44e7c597c
  lottie-ios: 48fac6be217c76937e36e340e2d09cf7b10b7f5f

PODFILE CHECKSUM: deac0d3d507aadd3cdc51461bc1ad4cc0c6dc615

COCOAPODS: 1.11.3
